
Microsoft Visual Studio Solution File, Format Version 12.00
# Visual Studio 2013
VisualStudioVersion = 12.0.31101.0
MinimumVisualStudioVersion = 10.0.40219.1
Project("{8BC9CEB8-8B4A-11D0-8D11-00A0C91BC942}") = "RVLCore", "RVLCore\RVLCore.vcxproj", "{06581169-BFDC-4B3F-A3ED-96FAF894EA87}"
EndProject
Project("{8BC9CEB8-8B4A-11D0-8D11-00A0C91BC942}") = "RVLPCS", "RVLPCS\RVLPCS.vcxproj", "{736AADF1-0519-469C-A860-07573EF1ED97}"
EndProject
Project("{8BC9CEB8-8B4A-11D0-8D11-00A0C91BC942}") = "RVLWork", "RVLWork\RVLWork.vcxproj", "{DCABBF11-4331-461C-8E07-FC0BB0BF3927}"
EndProject
Project("{8BC9CEB8-8B4A-11D0-8D11-00A0C91BC942}") = "RVLPSuLM", "RVLPSuLM\RVLPSuLM.vcxproj", "{04B03A26-8DE7-45F6-AA0B-B50797B5BDD5}"
EndProject
Project("{8BC9CEB8-8B4A-11D0-8D11-00A0C91BC942}") = "RVLPSuLMdemo", "RVLPSuLMdemo\RVLPSuLMdemo.vcxproj", "{DDE0A8B8-296A-45B2-9A84-A86EA17DFBC2}"
EndProject
Project("{8BC9CEB8-8B4A-11D0-8D11-00A0C91BC942}") = "RVLPCSdemo", "RVLPCSdemo\RVLPCSdemo.vcxproj", "{25F981DE-03E4-4F94-9FE3-AE86219B2F01}"
	ProjectSection(ProjectDependencies) = postProject
		{06581169-BFDC-4B3F-A3ED-96FAF894EA87} = {06581169-BFDC-4B3F-A3ED-96FAF894EA87}
		{736AADF1-0519-469C-A860-07573EF1ED97} = {736AADF1-0519-469C-A860-07573EF1ED97}
	EndProjectSection
EndProject
Project("{8BC9CEB8-8B4A-11D0-8D11-00A0C91BC942}") = "RVLPCSegment", "RVLPCSegment\RVLPCSegment.vcxproj", "{76E5F0CE-5BBF-4698-992E-8C9502398014}"
	ProjectSection(ProjectDependencies) = postProject
		{06581169-BFDC-4B3F-A3ED-96FAF894EA87} = {06581169-BFDC-4B3F-A3ED-96FAF894EA87}
	EndProjectSection
EndProject
Project("{8BC9CEB8-8B4A-11D0-8D11-00A0C91BC942}") = "RVLPCSegmentDemo", "RVLPCSegmentDemo\RVLPCSegmentDemo.vcxproj", "{E4699FC6-8BFF-488C-A401-EC674371B5F8}"
	ProjectSection(ProjectDependencies) = postProject
		{06581169-BFDC-4B3F-A3ED-96FAF894EA87} = {06581169-BFDC-4B3F-A3ED-96FAF894EA87}
		{4AAB03C0-3C88-4DFE-8F4B-E79EA831F97F} = {4AAB03C0-3C88-4DFE-8F4B-E79EA831F97F}
		{76E5F0CE-5BBF-4698-992E-8C9502398014} = {76E5F0CE-5BBF-4698-992E-8C9502398014}
	EndProjectSection
EndProject
Project("{8BC9CEB8-8B4A-11D0-8D11-00A0C91BC942}") = "RVLVisualServo", "RVLVisualServo\RVLVisualServo.vcxproj", "{B8D43AAE-9F56-4ED1-B4A9-191BBD12075E}"
	ProjectSection(ProjectDependencies) = postProject
		{06581169-BFDC-4B3F-A3ED-96FAF894EA87} = {06581169-BFDC-4B3F-A3ED-96FAF894EA87}
	EndProjectSection
EndProject
Project("{8BC9CEB8-8B4A-11D0-8D11-00A0C91BC942}") = "RVLVisualServoDemo", "RVLVisualServoDemo\RVLVisualServoDemo.vcxproj", "{87D00997-04DD-4CC2-AAED-D9DC031EDCBF}"
	ProjectSection(ProjectDependencies) = postProject
		{06581169-BFDC-4B3F-A3ED-96FAF894EA87} = {06581169-BFDC-4B3F-A3ED-96FAF894EA87}
		{B8D43AAE-9F56-4ED1-B4A9-191BBD12075E} = {B8D43AAE-9F56-4ED1-B4A9-191BBD12075E}
		{4AAB03C0-3C88-4DFE-8F4B-E79EA831F97F} = {4AAB03C0-3C88-4DFE-8F4B-E79EA831F97F}
		{76E5F0CE-5BBF-4698-992E-8C9502398014} = {76E5F0CE-5BBF-4698-992E-8C9502398014}
	EndProjectSection
EndProject
Project("{8BC9CEB8-8B4A-11D0-8D11-00A0C91BC942}") = "RVLPCLTools", "RVLPCLTools\RVLPCLTools.vcxproj", "{4AAB03C0-3C88-4DFE-8F4B-E79EA831F97F}"
	ProjectSection(ProjectDependencies) = postProject
		{06581169-BFDC-4B3F-A3ED-96FAF894EA87} = {06581169-BFDC-4B3F-A3ED-96FAF894EA87}
		{76E5F0CE-5BBF-4698-992E-8C9502398014} = {76E5F0CE-5BBF-4698-992E-8C9502398014}
	EndProjectSection
EndProject
Project("{8BC9CEB8-8B4A-11D0-8D11-00A0C91BC942}") = "RVLRecognition", "RVLRecognition\RVLRecognition.vcxproj", "{E49C6A03-0324-4E64-8B31-0DF764095745}"
	ProjectSection(ProjectDependencies) = postProject
		{06581169-BFDC-4B3F-A3ED-96FAF894EA87} = {06581169-BFDC-4B3F-A3ED-96FAF894EA87}
		{76E5F0CE-5BBF-4698-992E-8C9502398014} = {76E5F0CE-5BBF-4698-992E-8C9502398014}
	EndProjectSection
EndProject
Project("{8BC9CEB8-8B4A-11D0-8D11-00A0C91BC942}") = "RVLRecognitionDemo", "RVLRecognitionDemo\RVLRecognitionDemo.vcxproj", "{25AF2130-25FB-413C-90E6-D1CC5AEE535F}"
	ProjectSection(ProjectDependencies) = postProject
		{E49C6A03-0324-4E64-8B31-0DF764095745} = {E49C6A03-0324-4E64-8B31-0DF764095745}
		{056C1421-75C8-4F11-8558-A100B4AD9781} = {056C1421-75C8-4F11-8558-A100B4AD9781}
		{06581169-BFDC-4B3F-A3ED-96FAF894EA87} = {06581169-BFDC-4B3F-A3ED-96FAF894EA87}
		{4AAB03C0-3C88-4DFE-8F4B-E79EA831F97F} = {4AAB03C0-3C88-4DFE-8F4B-E79EA831F97F}
		{76E5F0CE-5BBF-4698-992E-8C9502398014} = {76E5F0CE-5BBF-4698-992E-8C9502398014}
	EndProjectSection
EndProject
Project("{8BC9CEB8-8B4A-11D0-8D11-00A0C91BC942}") = "RVLPCGTTools", "RVLPCGTTools\RVLPCGTTools.vcxproj", "{A7BB2F8F-CF57-4A8C-9F60-B1723F7E8AA1}"
	ProjectSection(ProjectDependencies) = postProject
		{06581169-BFDC-4B3F-A3ED-96FAF894EA87} = {06581169-BFDC-4B3F-A3ED-96FAF894EA87}
	EndProjectSection
EndProject
Project("{8BC9CEB8-8B4A-11D0-8D11-00A0C91BC942}") = "RVLPCGroundTruthDemo", "RVLPCGroundTruthDemo\RVLPCGroundTruthDemo.vcxproj", "{8871961C-818F-4F95-B2EF-6BF93633E0D1}"
	ProjectSection(ProjectDependencies) = postProject
		{06581169-BFDC-4B3F-A3ED-96FAF894EA87} = {06581169-BFDC-4B3F-A3ED-96FAF894EA87}
		{A7BB2F8F-CF57-4A8C-9F60-B1723F7E8AA1} = {A7BB2F8F-CF57-4A8C-9F60-B1723F7E8AA1}
		{4AAB03C0-3C88-4DFE-8F4B-E79EA831F97F} = {4AAB03C0-3C88-4DFE-8F4B-E79EA831F97F}
		{76E5F0CE-5BBF-4698-992E-8C9502398014} = {76E5F0CE-5BBF-4698-992E-8C9502398014}
	EndProjectSection
EndProject
Project("{8BC9CEB8-8B4A-11D0-8D11-00A0C91BC942}") = "RVLObjectDetection", "RVLObjectDetection\RVLObjectDetection.vcxproj", "{056C1421-75C8-4F11-8558-A100B4AD9781}"
	ProjectSection(ProjectDependencies) = postProject
		{E49C6A03-0324-4E64-8B31-0DF764095745} = {E49C6A03-0324-4E64-8B31-0DF764095745}
		{06581169-BFDC-4B3F-A3ED-96FAF894EA87} = {06581169-BFDC-4B3F-A3ED-96FAF894EA87}
		{76E5F0CE-5BBF-4698-992E-8C9502398014} = {76E5F0CE-5BBF-4698-992E-8C9502398014}
	EndProjectSection
EndProject
Project("{8BC9CEB8-8B4A-11D0-8D11-00A0C91BC942}") = "RVLObjectDetectionDemo", "RVLObjectDetectionDemo\RVLObjectDetectionDemo.vcxproj", "{96D43BA9-F9DD-41BE-8141-5276D8F9BA26}"
	ProjectSection(ProjectDependencies) = postProject
		{E49C6A03-0324-4E64-8B31-0DF764095745} = {E49C6A03-0324-4E64-8B31-0DF764095745}
		{056C1421-75C8-4F11-8558-A100B4AD9781} = {056C1421-75C8-4F11-8558-A100B4AD9781}
		{06581169-BFDC-4B3F-A3ED-96FAF894EA87} = {06581169-BFDC-4B3F-A3ED-96FAF894EA87}
		{A7BB2F8F-CF57-4A8C-9F60-B1723F7E8AA1} = {A7BB2F8F-CF57-4A8C-9F60-B1723F7E8AA1}
		{4AAB03C0-3C88-4DFE-8F4B-E79EA831F97F} = {4AAB03C0-3C88-4DFE-8F4B-E79EA831F97F}
		{76E5F0CE-5BBF-4698-992E-8C9502398014} = {76E5F0CE-5BBF-4698-992E-8C9502398014}
	EndProjectSection
EndProject
Global
	GlobalSection(SolutionConfigurationPlatforms) = preSolution
		Debug|ARM = Debug|ARM
		Debug|Mixed Platforms = Debug|Mixed Platforms
		Debug|Win32 = Debug|Win32
		Debug|x64 = Debug|x64
		Release|ARM = Release|ARM
		Release|Mixed Platforms = Release|Mixed Platforms
		Release|Win32 = Release|Win32
		Release|x64 = Release|x64
	EndGlobalSection
	GlobalSection(ProjectConfigurationPlatforms) = postSolution
		{06581169-BFDC-4B3F-A3ED-96FAF894EA87}.Debug|ARM.ActiveCfg = Debug|Win32
		{06581169-BFDC-4B3F-A3ED-96FAF894EA87}.Debug|Mixed Platforms.ActiveCfg = Debug|x64
		{06581169-BFDC-4B3F-A3ED-96FAF894EA87}.Debug|Mixed Platforms.Build.0 = Debug|x64
		{06581169-BFDC-4B3F-A3ED-96FAF894EA87}.Debug|Win32.ActiveCfg = Debug|Win32
		{06581169-BFDC-4B3F-A3ED-96FAF894EA87}.Debug|Win32.Build.0 = Debug|Win32
		{06581169-BFDC-4B3F-A3ED-96FAF894EA87}.Debug|x64.ActiveCfg = Debug|x64
		{06581169-BFDC-4B3F-A3ED-96FAF894EA87}.Debug|x64.Build.0 = Debug|x64
		{06581169-BFDC-4B3F-A3ED-96FAF894EA87}.Release|ARM.ActiveCfg = Release|Win32
		{06581169-BFDC-4B3F-A3ED-96FAF894EA87}.Release|Mixed Platforms.ActiveCfg = Release|Win32
		{06581169-BFDC-4B3F-A3ED-96FAF894EA87}.Release|Mixed Platforms.Build.0 = Release|Win32
		{06581169-BFDC-4B3F-A3ED-96FAF894EA87}.Release|Win32.ActiveCfg = Release|Win32
		{06581169-BFDC-4B3F-A3ED-96FAF894EA87}.Release|Win32.Build.0 = Release|Win32
		{06581169-BFDC-4B3F-A3ED-96FAF894EA87}.Release|x64.ActiveCfg = Release|x64
		{06581169-BFDC-4B3F-A3ED-96FAF894EA87}.Release|x64.Build.0 = Release|x64
		{736AADF1-0519-469C-A860-07573EF1ED97}.Debug|ARM.ActiveCfg = Debug|Win32
		{736AADF1-0519-469C-A860-07573EF1ED97}.Debug|Mixed Platforms.ActiveCfg = Debug|x64
		{736AADF1-0519-469C-A860-07573EF1ED97}.Debug|Mixed Platforms.Build.0 = Debug|x64
		{736AADF1-0519-469C-A860-07573EF1ED97}.Debug|Win32.ActiveCfg = Debug|Win32
		{736AADF1-0519-469C-A860-07573EF1ED97}.Debug|Win32.Build.0 = Debug|Win32
		{736AADF1-0519-469C-A860-07573EF1ED97}.Debug|x64.ActiveCfg = Debug|x64
		{736AADF1-0519-469C-A860-07573EF1ED97}.Release|ARM.ActiveCfg = Release|Win32
		{736AADF1-0519-469C-A860-07573EF1ED97}.Release|Mixed Platforms.ActiveCfg = Release|Win32
		{736AADF1-0519-469C-A860-07573EF1ED97}.Release|Mixed Platforms.Build.0 = Release|Win32
		{736AADF1-0519-469C-A860-07573EF1ED97}.Release|Win32.ActiveCfg = Release|Win32
		{736AADF1-0519-469C-A860-07573EF1ED97}.Release|Win32.Build.0 = Release|Win32
		{736AADF1-0519-469C-A860-07573EF1ED97}.Release|x64.ActiveCfg = Release|x64
		{DCABBF11-4331-461C-8E07-FC0BB0BF3927}.Debug|ARM.ActiveCfg = Debug|Win32
		{DCABBF11-4331-461C-8E07-FC0BB0BF3927}.Debug|Mixed Platforms.ActiveCfg = Debug|x64
		{DCABBF11-4331-461C-8E07-FC0BB0BF3927}.Debug|Mixed Platforms.Build.0 = Debug|x64
		{DCABBF11-4331-461C-8E07-FC0BB0BF3927}.Debug|Win32.ActiveCfg = Debug|Win32
		{DCABBF11-4331-461C-8E07-FC0BB0BF3927}.Debug|Win32.Build.0 = Debug|Win32
		{DCABBF11-4331-461C-8E07-FC0BB0BF3927}.Debug|x64.ActiveCfg = Debug|x64
		{DCABBF11-4331-461C-8E07-FC0BB0BF3927}.Release|ARM.ActiveCfg = Release|Win32
		{DCABBF11-4331-461C-8E07-FC0BB0BF3927}.Release|Mixed Platforms.ActiveCfg = Release|Win32
		{DCABBF11-4331-461C-8E07-FC0BB0BF3927}.Release|Mixed Platforms.Build.0 = Release|Win32
		{DCABBF11-4331-461C-8E07-FC0BB0BF3927}.Release|Win32.ActiveCfg = Release|Win32
		{DCABBF11-4331-461C-8E07-FC0BB0BF3927}.Release|Win32.Build.0 = Release|Win32
		{DCABBF11-4331-461C-8E07-FC0BB0BF3927}.Release|x64.ActiveCfg = Release|x64
		{04B03A26-8DE7-45F6-AA0B-B50797B5BDD5}.Debug|ARM.ActiveCfg = Debug|Win32
		{04B03A26-8DE7-45F6-AA0B-B50797B5BDD5}.Debug|Mixed Platforms.ActiveCfg = Debug|x64
		{04B03A26-8DE7-45F6-AA0B-B50797B5BDD5}.Debug|Mixed Platforms.Build.0 = Debug|x64
		{04B03A26-8DE7-45F6-AA0B-B50797B5BDD5}.Debug|Win32.ActiveCfg = Debug|Win32
		{04B03A26-8DE7-45F6-AA0B-B50797B5BDD5}.Debug|Win32.Build.0 = Debug|Win32
		{04B03A26-8DE7-45F6-AA0B-B50797B5BDD5}.Debug|x64.ActiveCfg = Debug|x64
		{04B03A26-8DE7-45F6-AA0B-B50797B5BDD5}.Release|ARM.ActiveCfg = Release|Win32
		{04B03A26-8DE7-45F6-AA0B-B50797B5BDD5}.Release|Mixed Platforms.ActiveCfg = Release|Win32
		{04B03A26-8DE7-45F6-AA0B-B50797B5BDD5}.Release|Mixed Platforms.Build.0 = Release|Win32
		{04B03A26-8DE7-45F6-AA0B-B50797B5BDD5}.Release|Win32.ActiveCfg = Release|Win32
		{04B03A26-8DE7-45F6-AA0B-B50797B5BDD5}.Release|Win32.Build.0 = Release|Win32
		{04B03A26-8DE7-45F6-AA0B-B50797B5BDD5}.Release|x64.ActiveCfg = Release|x64
		{DDE0A8B8-296A-45B2-9A84-A86EA17DFBC2}.Debug|ARM.ActiveCfg = Debug|Win32
		{DDE0A8B8-296A-45B2-9A84-A86EA17DFBC2}.Debug|Mixed Platforms.ActiveCfg = Debug|x64
		{DDE0A8B8-296A-45B2-9A84-A86EA17DFBC2}.Debug|Mixed Platforms.Build.0 = Debug|x64
		{DDE0A8B8-296A-45B2-9A84-A86EA17DFBC2}.Debug|Win32.ActiveCfg = Debug|Win32
		{DDE0A8B8-296A-45B2-9A84-A86EA17DFBC2}.Debug|Win32.Build.0 = Debug|Win32
		{DDE0A8B8-296A-45B2-9A84-A86EA17DFBC2}.Debug|x64.ActiveCfg = Debug|x64
		{DDE0A8B8-296A-45B2-9A84-A86EA17DFBC2}.Release|ARM.ActiveCfg = Release|Win32
		{DDE0A8B8-296A-45B2-9A84-A86EA17DFBC2}.Release|Mixed Platforms.ActiveCfg = Release|Win32
		{DDE0A8B8-296A-45B2-9A84-A86EA17DFBC2}.Release|Mixed Platforms.Build.0 = Release|Win32
		{DDE0A8B8-296A-45B2-9A84-A86EA17DFBC2}.Release|Win32.ActiveCfg = Release|Win32
		{DDE0A8B8-296A-45B2-9A84-A86EA17DFBC2}.Release|Win32.Build.0 = Release|Win32
		{DDE0A8B8-296A-45B2-9A84-A86EA17DFBC2}.Release|x64.ActiveCfg = Release|x64
		{25F981DE-03E4-4F94-9FE3-AE86219B2F01}.Debug|ARM.ActiveCfg = Debug|Win32
		{25F981DE-03E4-4F94-9FE3-AE86219B2F01}.Debug|Mixed Platforms.ActiveCfg = Debug|x64
		{25F981DE-03E4-4F94-9FE3-AE86219B2F01}.Debug|Mixed Platforms.Build.0 = Debug|x64
		{25F981DE-03E4-4F94-9FE3-AE86219B2F01}.Debug|Win32.ActiveCfg = Debug|Win32
		{25F981DE-03E4-4F94-9FE3-AE86219B2F01}.Debug|Win32.Build.0 = Debug|Win32
		{25F981DE-03E4-4F94-9FE3-AE86219B2F01}.Debug|x64.ActiveCfg = Debug|x64
		{25F981DE-03E4-4F94-9FE3-AE86219B2F01}.Release|ARM.ActiveCfg = Release|Win32
		{25F981DE-03E4-4F94-9FE3-AE86219B2F01}.Release|Mixed Platforms.ActiveCfg = Release|Win32
		{25F981DE-03E4-4F94-9FE3-AE86219B2F01}.Release|Mixed Platforms.Build.0 = Release|Win32
		{25F981DE-03E4-4F94-9FE3-AE86219B2F01}.Release|Win32.ActiveCfg = Release|Win32
		{25F981DE-03E4-4F94-9FE3-AE86219B2F01}.Release|Win32.Build.0 = Release|Win32
		{25F981DE-03E4-4F94-9FE3-AE86219B2F01}.Release|x64.ActiveCfg = Release|x64
		{76E5F0CE-5BBF-4698-992E-8C9502398014}.Debug|ARM.ActiveCfg = Debug|Win32
		{76E5F0CE-5BBF-4698-992E-8C9502398014}.Debug|Mixed Platforms.ActiveCfg = Debug|x64
		{76E5F0CE-5BBF-4698-992E-8C9502398014}.Debug|Mixed Platforms.Build.0 = Debug|x64
		{76E5F0CE-5BBF-4698-992E-8C9502398014}.Debug|Win32.ActiveCfg = Debug|Win32
		{76E5F0CE-5BBF-4698-992E-8C9502398014}.Debug|Win32.Build.0 = Debug|Win32
		{76E5F0CE-5BBF-4698-992E-8C9502398014}.Debug|x64.ActiveCfg = Debug|x64
		{76E5F0CE-5BBF-4698-992E-8C9502398014}.Debug|x64.Build.0 = Debug|x64
		{76E5F0CE-5BBF-4698-992E-8C9502398014}.Release|ARM.ActiveCfg = Release|Win32
		{76E5F0CE-5BBF-4698-992E-8C9502398014}.Release|Mixed Platforms.ActiveCfg = Release|Win32
		{76E5F0CE-5BBF-4698-992E-8C9502398014}.Release|Mixed Platforms.Build.0 = Release|Win32
		{76E5F0CE-5BBF-4698-992E-8C9502398014}.Release|Win32.ActiveCfg = Release|Win32
		{76E5F0CE-5BBF-4698-992E-8C9502398014}.Release|Win32.Build.0 = Release|Win32
		{76E5F0CE-5BBF-4698-992E-8C9502398014}.Release|x64.ActiveCfg = Release|x64
		{76E5F0CE-5BBF-4698-992E-8C9502398014}.Release|x64.Build.0 = Release|x64
		{E4699FC6-8BFF-488C-A401-EC674371B5F8}.Debug|ARM.ActiveCfg = Debug|Win32
		{E4699FC6-8BFF-488C-A401-EC674371B5F8}.Debug|Mixed Platforms.ActiveCfg = Debug|x64
		{E4699FC6-8BFF-488C-A401-EC674371B5F8}.Debug|Mixed Platforms.Build.0 = Debug|x64
		{E4699FC6-8BFF-488C-A401-EC674371B5F8}.Debug|Win32.ActiveCfg = Debug|Win32
		{E4699FC6-8BFF-488C-A401-EC674371B5F8}.Debug|Win32.Build.0 = Debug|Win32
		{E4699FC6-8BFF-488C-A401-EC674371B5F8}.Debug|x64.ActiveCfg = Debug|x64
		{E4699FC6-8BFF-488C-A401-EC674371B5F8}.Debug|x64.Build.0 = Debug|x64
		{E4699FC6-8BFF-488C-A401-EC674371B5F8}.Release|ARM.ActiveCfg = Release|Win32
		{E4699FC6-8BFF-488C-A401-EC674371B5F8}.Release|Mixed Platforms.ActiveCfg = Release|Win32
		{E4699FC6-8BFF-488C-A401-EC674371B5F8}.Release|Mixed Platforms.Build.0 = Release|Win32
		{E4699FC6-8BFF-488C-A401-EC674371B5F8}.Release|Win32.ActiveCfg = Release|Win32
		{E4699FC6-8BFF-488C-A401-EC674371B5F8}.Release|Win32.Build.0 = Release|Win32
		{E4699FC6-8BFF-488C-A401-EC674371B5F8}.Release|x64.ActiveCfg = Release|x64
		{E4699FC6-8BFF-488C-A401-EC674371B5F8}.Release|x64.Build.0 = Release|x64
		{B8D43AAE-9F56-4ED1-B4A9-191BBD12075E}.Debug|ARM.ActiveCfg = Debug|Win32
		{B8D43AAE-9F56-4ED1-B4A9-191BBD12075E}.Debug|Mixed Platforms.ActiveCfg = Debug|x64
		{B8D43AAE-9F56-4ED1-B4A9-191BBD12075E}.Debug|Mixed Platforms.Build.0 = Debug|x64
		{B8D43AAE-9F56-4ED1-B4A9-191BBD12075E}.Debug|Win32.ActiveCfg = Debug|Win32
		{B8D43AAE-9F56-4ED1-B4A9-191BBD12075E}.Debug|Win32.Build.0 = Debug|Win32
		{B8D43AAE-9F56-4ED1-B4A9-191BBD12075E}.Debug|x64.ActiveCfg = Debug|x64
		{B8D43AAE-9F56-4ED1-B4A9-191BBD12075E}.Release|ARM.ActiveCfg = Release|Win32
		{B8D43AAE-9F56-4ED1-B4A9-191BBD12075E}.Release|Mixed Platforms.ActiveCfg = Release|Win32
		{B8D43AAE-9F56-4ED1-B4A9-191BBD12075E}.Release|Mixed Platforms.Build.0 = Release|Win32
		{B8D43AAE-9F56-4ED1-B4A9-191BBD12075E}.Release|Win32.ActiveCfg = Release|Win32
		{B8D43AAE-9F56-4ED1-B4A9-191BBD12075E}.Release|Win32.Build.0 = Release|Win32
		{B8D43AAE-9F56-4ED1-B4A9-191BBD12075E}.Release|x64.ActiveCfg = Release|x64
		{87D00997-04DD-4CC2-AAED-D9DC031EDCBF}.Debug|ARM.ActiveCfg = Debug|Win32
		{87D00997-04DD-4CC2-AAED-D9DC031EDCBF}.Debug|Mixed Platforms.ActiveCfg = Debug|x64
		{87D00997-04DD-4CC2-AAED-D9DC031EDCBF}.Debug|Mixed Platforms.Build.0 = Debug|x64
		{87D00997-04DD-4CC2-AAED-D9DC031EDCBF}.Debug|Win32.ActiveCfg = Debug|Win32
		{87D00997-04DD-4CC2-AAED-D9DC031EDCBF}.Debug|Win32.Build.0 = Debug|Win32
		{87D00997-04DD-4CC2-AAED-D9DC031EDCBF}.Debug|x64.ActiveCfg = Debug|x64
		{87D00997-04DD-4CC2-AAED-D9DC031EDCBF}.Release|ARM.ActiveCfg = Release|Win32
		{87D00997-04DD-4CC2-AAED-D9DC031EDCBF}.Release|Mixed Platforms.ActiveCfg = Release|Win32
		{87D00997-04DD-4CC2-AAED-D9DC031EDCBF}.Release|Mixed Platforms.Build.0 = Release|Win32
		{87D00997-04DD-4CC2-AAED-D9DC031EDCBF}.Release|Win32.ActiveCfg = Release|Win32
		{87D00997-04DD-4CC2-AAED-D9DC031EDCBF}.Release|Win32.Build.0 = Release|Win32
		{87D00997-04DD-4CC2-AAED-D9DC031EDCBF}.Release|x64.ActiveCfg = Release|x64
		{4AAB03C0-3C88-4DFE-8F4B-E79EA831F97F}.Debug|ARM.ActiveCfg = Debug|Win32
		{4AAB03C0-3C88-4DFE-8F4B-E79EA831F97F}.Debug|Mixed Platforms.ActiveCfg = Debug|x64
		{4AAB03C0-3C88-4DFE-8F4B-E79EA831F97F}.Debug|Mixed Platforms.Build.0 = Debug|x64
		{4AAB03C0-3C88-4DFE-8F4B-E79EA831F97F}.Debug|Win32.ActiveCfg = Debug|Win32
		{4AAB03C0-3C88-4DFE-8F4B-E79EA831F97F}.Debug|Win32.Build.0 = Debug|Win32
		{4AAB03C0-3C88-4DFE-8F4B-E79EA831F97F}.Debug|x64.ActiveCfg = Debug|x64
		{4AAB03C0-3C88-4DFE-8F4B-E79EA831F97F}.Debug|x64.Build.0 = Debug|x64
		{4AAB03C0-3C88-4DFE-8F4B-E79EA831F97F}.Release|ARM.ActiveCfg = Release|Win32
		{4AAB03C0-3C88-4DFE-8F4B-E79EA831F97F}.Release|Mixed Platforms.ActiveCfg = Release|Win32
		{4AAB03C0-3C88-4DFE-8F4B-E79EA831F97F}.Release|Mixed Platforms.Build.0 = Release|Win32
		{4AAB03C0-3C88-4DFE-8F4B-E79EA831F97F}.Release|Win32.ActiveCfg = Release|Win32
		{4AAB03C0-3C88-4DFE-8F4B-E79EA831F97F}.Release|Win32.Build.0 = Release|Win32
		{4AAB03C0-3C88-4DFE-8F4B-E79EA831F97F}.Release|x64.ActiveCfg = Release|x64
		{4AAB03C0-3C88-4DFE-8F4B-E79EA831F97F}.Release|x64.Build.0 = Release|x64
		{E49C6A03-0324-4E64-8B31-0DF764095745}.Debug|ARM.ActiveCfg = Debug|Win32
		{E49C6A03-0324-4E64-8B31-0DF764095745}.Debug|Mixed Platforms.ActiveCfg = Debug|x64
		{E49C6A03-0324-4E64-8B31-0DF764095745}.Debug|Mixed Platforms.Build.0 = Debug|x64
		{E49C6A03-0324-4E64-8B31-0DF764095745}.Debug|Win32.ActiveCfg = Debug|Win32
		{E49C6A03-0324-4E64-8B31-0DF764095745}.Debug|Win32.Build.0 = Debug|Win32
		{E49C6A03-0324-4E64-8B31-0DF764095745}.Debug|x64.ActiveCfg = Debug|x64
		{E49C6A03-0324-4E64-8B31-0DF764095745}.Debug|x64.Build.0 = Debug|x64
		{E49C6A03-0324-4E64-8B31-0DF764095745}.Release|ARM.ActiveCfg = Release|Win32
		{E49C6A03-0324-4E64-8B31-0DF764095745}.Release|Mixed Platforms.ActiveCfg = Release|Win32
		{E49C6A03-0324-4E64-8B31-0DF764095745}.Release|Mixed Platforms.Build.0 = Release|Win32
		{E49C6A03-0324-4E64-8B31-0DF764095745}.Release|Win32.ActiveCfg = Release|Win32
		{E49C6A03-0324-4E64-8B31-0DF764095745}.Release|Win32.Build.0 = Release|Win32
		{E49C6A03-0324-4E64-8B31-0DF764095745}.Release|x64.ActiveCfg = Release|x64
		{E49C6A03-0324-4E64-8B31-0DF764095745}.Release|x64.Build.0 = Release|x64
		{25AF2130-25FB-413C-90E6-D1CC5AEE535F}.Debug|ARM.ActiveCfg = Debug|Win32
		{25AF2130-25FB-413C-90E6-D1CC5AEE535F}.Debug|Mixed Platforms.ActiveCfg = Debug|x64
		{25AF2130-25FB-413C-90E6-D1CC5AEE535F}.Debug|Mixed Platforms.Build.0 = Debug|x64
		{25AF2130-25FB-413C-90E6-D1CC5AEE535F}.Debug|Win32.ActiveCfg = Debug|Win32
		{25AF2130-25FB-413C-90E6-D1CC5AEE535F}.Debug|Win32.Build.0 = Debug|Win32
		{25AF2130-25FB-413C-90E6-D1CC5AEE535F}.Debug|x64.ActiveCfg = Debug|x64
		{25AF2130-25FB-413C-90E6-D1CC5AEE535F}.Debug|x64.Build.0 = Debug|x64
		{25AF2130-25FB-413C-90E6-D1CC5AEE535F}.Release|ARM.ActiveCfg = Release|Win32
		{25AF2130-25FB-413C-90E6-D1CC5AEE535F}.Release|Mixed Platforms.ActiveCfg = Release|Win32
		{25AF2130-25FB-413C-90E6-D1CC5AEE535F}.Release|Mixed Platforms.Build.0 = Release|Win32
		{25AF2130-25FB-413C-90E6-D1CC5AEE535F}.Release|Win32.ActiveCfg = Release|Win32
		{25AF2130-25FB-413C-90E6-D1CC5AEE535F}.Release|Win32.Build.0 = Release|Win32
		{25AF2130-25FB-413C-90E6-D1CC5AEE535F}.Release|x64.ActiveCfg = Release|x64
		{25AF2130-25FB-413C-90E6-D1CC5AEE535F}.Release|x64.Build.0 = Release|x64
		{A7BB2F8F-CF57-4A8C-9F60-B1723F7E8AA1}.Debug|ARM.ActiveCfg = Debug|Win32
		{A7BB2F8F-CF57-4A8C-9F60-B1723F7E8AA1}.Debug|Mixed Platforms.ActiveCfg = Debug|Win32
		{A7BB2F8F-CF57-4A8C-9F60-B1723F7E8AA1}.Debug|Mixed Platforms.Build.0 = Debug|Win32
		{A7BB2F8F-CF57-4A8C-9F60-B1723F7E8AA1}.Debug|Win32.ActiveCfg = Debug|Win32
		{A7BB2F8F-CF57-4A8C-9F60-B1723F7E8AA1}.Debug|Win32.Build.0 = Debug|Win32
		{A7BB2F8F-CF57-4A8C-9F60-B1723F7E8AA1}.Debug|x64.ActiveCfg = Debug|x64
		{A7BB2F8F-CF57-4A8C-9F60-B1723F7E8AA1}.Release|ARM.ActiveCfg = Release|Win32
		{A7BB2F8F-CF57-4A8C-9F60-B1723F7E8AA1}.Release|Mixed Platforms.ActiveCfg = Release|Win32
		{A7BB2F8F-CF57-4A8C-9F60-B1723F7E8AA1}.Release|Mixed Platforms.Build.0 = Release|Win32
		{A7BB2F8F-CF57-4A8C-9F60-B1723F7E8AA1}.Release|Win32.ActiveCfg = Release|Win32
		{A7BB2F8F-CF57-4A8C-9F60-B1723F7E8AA1}.Release|Win32.Build.0 = Release|Win32
		{A7BB2F8F-CF57-4A8C-9F60-B1723F7E8AA1}.Release|x64.ActiveCfg = Release|x64
		{8871961C-818F-4F95-B2EF-6BF93633E0D1}.Debug|ARM.ActiveCfg = Debug|Win32
		{8871961C-818F-4F95-B2EF-6BF93633E0D1}.Debug|Mixed Platforms.ActiveCfg = Debug|Win32
		{8871961C-818F-4F95-B2EF-6BF93633E0D1}.Debug|Mixed Platforms.Build.0 = Debug|Win32
		{8871961C-818F-4F95-B2EF-6BF93633E0D1}.Debug|Win32.ActiveCfg = Debug|Win32
		{8871961C-818F-4F95-B2EF-6BF93633E0D1}.Debug|Win32.Build.0 = Debug|Win32
		{8871961C-818F-4F95-B2EF-6BF93633E0D1}.Debug|x64.ActiveCfg = Debug|x64
		{8871961C-818F-4F95-B2EF-6BF93633E0D1}.Release|ARM.ActiveCfg = Release|Win32
		{8871961C-818F-4F95-B2EF-6BF93633E0D1}.Release|Mixed Platforms.ActiveCfg = Release|Win32
		{8871961C-818F-4F95-B2EF-6BF93633E0D1}.Release|Mixed Platforms.Build.0 = Release|Win32
		{8871961C-818F-4F95-B2EF-6BF93633E0D1}.Release|Win32.ActiveCfg = Release|Win32
		{8871961C-818F-4F95-B2EF-6BF93633E0D1}.Release|Win32.Build.0 = Release|Win32
		{8871961C-818F-4F95-B2EF-6BF93633E0D1}.Release|x64.ActiveCfg = Release|x64
		{056C1421-75C8-4F11-8558-A100B4AD9781}.Debug|ARM.ActiveCfg = Debug|Win32
		{056C1421-75C8-4F11-8558-A100B4AD9781}.Debug|Mixed Platforms.ActiveCfg = Debug|Win32
		{056C1421-75C8-4F11-8558-A100B4AD9781}.Debug|Mixed Platforms.Build.0 = Debug|Win32
		{056C1421-75C8-4F11-8558-A100B4AD9781}.Debug|Win32.ActiveCfg = Debug|Win32
		{056C1421-75C8-4F11-8558-A100B4AD9781}.Debug|Win32.Build.0 = Debug|Win32
		{056C1421-75C8-4F11-8558-A100B4AD9781}.Debug|x64.ActiveCfg = Debug|x64
		{056C1421-75C8-4F11-8558-A100B4AD9781}.Debug|x64.Build.0 = Debug|x64
		{056C1421-75C8-4F11-8558-A100B4AD9781}.Release|ARM.ActiveCfg = Release|Win32
		{056C1421-75C8-4F11-8558-A100B4AD9781}.Release|Mixed Platforms.ActiveCfg = Release|Win32
		{056C1421-75C8-4F11-8558-A100B4AD9781}.Release|Mixed Platforms.Build.0 = Release|Win32
		{056C1421-75C8-4F11-8558-A100B4AD9781}.Release|Win32.ActiveCfg = Release|Win32
		{056C1421-75C8-4F11-8558-A100B4AD9781}.Release|Win32.Build.0 = Release|Win32
		{056C1421-75C8-4F11-8558-A100B4AD9781}.Release|x64.ActiveCfg = Release|x64
		{056C1421-75C8-4F11-8558-A100B4AD9781}.Release|x64.Build.0 = Release|x64
		{96D43BA9-F9DD-41BE-8141-5276D8F9BA26}.Debug|ARM.ActiveCfg = Debug|Win32
		{96D43BA9-F9DD-41BE-8141-5276D8F9BA26}.Debug|Mixed Platforms.ActiveCfg = Debug|Win32
		{96D43BA9-F9DD-41BE-8141-5276D8F9BA26}.Debug|Mixed Platforms.Build.0 = Debug|Win32
		{96D43BA9-F9DD-41BE-8141-5276D8F9BA26}.Debug|Win32.ActiveCfg = Debug|Win32
		{96D43BA9-F9DD-41BE-8141-5276D8F9BA26}.Debug|Win32.Build.0 = Debug|Win32
		{96D43BA9-F9DD-41BE-8141-5276D8F9BA26}.Debug|x64.ActiveCfg = Debug|x64
		{96D43BA9-F9DD-41BE-8141-5276D8F9BA26}.Release|ARM.ActiveCfg = Release|Win32
		{96D43BA9-F9DD-41BE-8141-5276D8F9BA26}.Release|Mixed Platforms.ActiveCfg = Release|Win32
		{96D43BA9-F9DD-41BE-8141-5276D8F9BA26}.Release|Mixed Platforms.Build.0 = Release|Win32
		{96D43BA9-F9DD-41BE-8141-5276D8F9BA26}.Release|Win32.ActiveCfg = Release|Win32
		{96D43BA9-F9DD-41BE-8141-5276D8F9BA26}.Release|Win32.Build.0 = Release|Win32
		{96D43BA9-F9DD-41BE-8141-5276D8F9BA26}.Release|x64.ActiveCfg = Release|x64
	EndGlobalSection
	GlobalSection(SolutionProperties) = preSolution
		HideSolutionNode = FALSE
	EndGlobalSection
EndGlobal
